
Microsoft Visual Studio Solution File, Format Version 12.00
# Visual Studio Version 17
VisualStudioVersion = 17.5.002.0
MinimumVisualStudioVersion = 10.0.40219.1
Project("{9A19103F-16F7-4668-BE54-9A1E7A4F7556}") = "UnoService", "UnoService.csproj", "{5795766F-CE76-49ED-A90A-E0AF0FDDAFAD}"
EndProject
Global
	GlobalSection(SolutionConfigurationPlatforms) = preSolution
		Debug|Any CPU = Debug|Any CPU
		Release|Any CPU = Release|Any CPU
	EndGlobalSection
	GlobalSection(ProjectConfigurationPlatforms) = postSolution
		{5795766F-CE76-49ED-A90A-E0AF0FDDAFAD}.Debug|Any CPU.ActiveCfg = Debug|Any CPU
		{5795766F-CE76-49ED-A90A-E0AF0FDDAFAD}.Debug|Any CPU.Build.0 = Debug|Any CPU
		{5795766F-CE76-49ED-A90A-E0AF0FDDAFAD}.Release|Any CPU.ActiveCfg = Release|Any CPU
		{5795766F-CE76-49ED-A90A-E0AF0FDDAFAD}.Release|Any CPU.Build.0 = Release|Any CPU
	EndGlobalSection
	GlobalSection(SolutionProperties) = preSolution
		HideSolutionNode = FALSE
	EndGlobalSection
	GlobalSection(ExtensibilityGlobals) = postSolution
		SolutionGuid = {10BC19EE-6A9F-492E-9557-FF7E8903FA3B}
	EndGlobalSection
EndGlobal
